
Microsoft Visual Studio Solution File, Format Version 12.00
# Visual Studio Version 17
VisualStudioVersion = 17.13.35825.156 d17.13
MinimumVisualStudioVersion = 10.0.40219.1
Project("{FAE04EC0-301F-11D3-BF4B-00C04F79EFBC}") = "FortuneTellerApp", "FortuneTellerApp.csproj", "{DF959945-A9F2-4DE7-B871-2E447E4BB415}"
EndProject
Global
	GlobalSection(SolutionConfigurationPlatforms) = preSolution
		Debug|Any CPU = Debug|Any CPU
		Release|Any CPU = Release|Any CPU
	EndGlobalSection
	GlobalSection(ProjectConfigurationPlatforms) = postSolution
		{DF959945-A9F2-4DE7-B871-2E447E4BB415}.Debug|Any CPU.ActiveCfg = Debug|Any CPU
		{DF959945-A9F2-4DE7-B871-2E447E4BB415}.Debug|Any CPU.Build.0 = Debug|Any CPU
		{DF959945-A9F2-4DE7-B871-2E447E4BB415}.Release|Any CPU.ActiveCfg = Release|Any CPU
		{DF959945-A9F2-4DE7-B871-2E447E4BB415}.Release|Any CPU.Build.0 = Release|Any CPU
	EndGlobalSection
	GlobalSection(SolutionProperties) = preSolution
		HideSolutionNode = FALSE
	EndGlobalSection
	GlobalSection(ExtensibilityGlobals) = postSolution
		SolutionGuid = {355BB4DF-E76F-4A49-B9C2-A5EE36BE60C5}
	EndGlobalSection
EndGlobal
